Microsoft Visual Studio Solution File, Format Version 12.00
# Visual Studio 2012
Project("{FAE04EC0-301F-11D3-BF4B-00C04F79EFBC}") = "RecognitionSystem", "RecognitionSystem\RecognitionSystem.csproj", "{01AF7E2C-4D9A-4C47-A9FF-C97BE82F7A5D}"
EndProject
Project("{FAE04EC0-301F-11D3-BF4B-00C04F79EFBC}") = "LauncherKinect", "LauncherKinect\LauncherKinect.csproj", "{8121846D-923E-4BB0-8647-30DA753D156E}"
EndProject
Project("{FAE04EC0-301F-11D3-BF4B-00C04F79EFBC}") = "LauncherCMD", "LauncherCMD\LauncherCMD.csproj", "{3AB72AF3-F9FF-4E48-B158-B83F915C3DD3}"
EndProject
Project("{F088123C-0E9E-452A-89E6-6BA2F21D5CAC}") = "UML", "UML\UML.modelproj", "{ECDB4BB5-2C7B-4BA7-B5A8-F7EA8DCE1744}"
EndProject
Project("{FAE04EC0-301F-11D3-BF4B-00C04F79EFBC}") = "SLDebugger", "SLDebugger\SLDebugger.csproj", "{868FEFE2-F015-423B-BEA5-97D64893C005}"
EndProject
Project("{FAE04EC0-301F-11D3-BF4B-00C04F79EFBC}") = "UnitTest", "UnitTest\UnitTest.csproj", "{AB6C4B78-1AB1-464D-B82B-92E1DD5990D3}"
EndProject
Project("{FAE04EC0-301F-11D3-BF4B-00C04F79EFBC}") = "Calculator", "Calculator\Calculator.csproj", "{8302CDF3-9B8E-476F-81CA-A865E8B1336A}"
EndProject
Project("{FAE04EC0-301F-11D3-BF4B-00C04F79EFBC}") = "DataModule", "DataModule\DataModule.csproj", "{E1A45C64-6EDA-4DD7-BEAD-E3F998A89E32}"
EndProject
Project("{FAE04EC0-301F-11D3-BF4B-00C04F79EFBC}") = "HandDetector", "HandDetector\HandDetector.csproj", "{BBD51A33-04C7-4D11-9599-F29C05C2026B}"
EndProject
Global
	GlobalSection(SolutionConfigurationPlatforms) = preSolution
		Debug|Any CPU = Debug|Any CPU
		Debug|Mixed Platforms = Debug|Mixed Platforms
		Debug|x64 = Debug|x64
		Debug|x86 = Debug|x86
		Release|Any CPU = Release|Any CPU
		Release|Mixed Platforms = Release|Mixed Platforms
		Release|x64 = Release|x64
		Release|x86 = Release|x86
	EndGlobalSection
	GlobalSection(ProjectConfigurationPlatforms) = postSolution
		{01AF7E2C-4D9A-4C47-A9FF-C97BE82F7A5D}.Debug|Any CPU.ActiveCfg = Debug|Any CPU
		{01AF7E2C-4D9A-4C47-A9FF-C97BE82F7A5D}.Debug|Any CPU.Build.0 = Debug|Any CPU
		{01AF7E2C-4D9A-4C47-A9FF-C97BE82F7A5D}.Debug|Mixed Platforms.ActiveCfg = Debug|x86
		{01AF7E2C-4D9A-4C47-A9FF-C97BE82F7A5D}.Debug|Mixed Platforms.Build.0 = Debug|x86
		{01AF7E2C-4D9A-4C47-A9FF-C97BE82F7A5D}.Debug|x64.ActiveCfg = Debug|Any CPU
		{01AF7E2C-4D9A-4C47-A9FF-C97BE82F7A5D}.Debug|x86.ActiveCfg = Debug|x86
		{01AF7E2C-4D9A-4C47-A9FF-C97BE82F7A5D}.Debug|x86.Build.0 = Debug|x86
		{01AF7E2C-4D9A-4C47-A9FF-C97BE82F7A5D}.Release|Any CPU.ActiveCfg = Release|Any CPU
		{01AF7E2C-4D9A-4C47-A9FF-C97BE82F7A5D}.Release|Any CPU.Build.0 = Release|Any CPU
		{01AF7E2C-4D9A-4C47-A9FF-C97BE82F7A5D}.Release|Mixed Platforms.ActiveCfg = Release|x86
		{01AF7E2C-4D9A-4C47-A9FF-C97BE82F7A5D}.Release|Mixed Platforms.Build.0 = Release|x86
		{01AF7E2C-4D9A-4C47-A9FF-C97BE82F7A5D}.Release|x64.ActiveCfg = Release|Any CPU
		{01AF7E2C-4D9A-4C47-A9FF-C97BE82F7A5D}.Release|x86.ActiveCfg = Release|x86
		{01AF7E2C-4D9A-4C47-A9FF-C97BE82F7A5D}.Release|x86.Build.0 = Release|x86
		{8121846D-923E-4BB0-8647-30DA753D156E}.Debug|Any CPU.ActiveCfg = Debug|Any CPU
		{8121846D-923E-4BB0-8647-30DA753D156E}.Debug|Any CPU.Build.0 = Debug|Any CPU
		{8121846D-923E-4BB0-8647-30DA753D156E}.Debug|Mixed Platforms.ActiveCfg = Debug|x86
		{8121846D-923E-4BB0-8647-30DA753D156E}.Debug|Mixed Platforms.Build.0 = Debug|x86
		{8121846D-923E-4BB0-8647-30DA753D156E}.Debug|x64.ActiveCfg = Debug|Any CPU
		{8121846D-923E-4BB0-8647-30DA753D156E}.Debug|x86.ActiveCfg = Debug|x86
		{8121846D-923E-4BB0-8647-30DA753D156E}.Debug|x86.Build.0 = Debug|x86
		{8121846D-923E-4BB0-8647-30DA753D156E}.Release|Any CPU.ActiveCfg = Release|Any CPU
		{8121846D-923E-4BB0-8647-30DA753D156E}.Release|Any CPU.Build.0 = Release|Any CPU
		{8121846D-923E-4BB0-8647-30DA753D156E}.Release|Mixed Platforms.ActiveCfg = Release|x86
		{8121846D-923E-4BB0-8647-30DA753D156E}.Release|Mixed Platforms.Build.0 = Release|x86
		{8121846D-923E-4BB0-8647-30DA753D156E}.Release|x64.ActiveCfg = Release|Any CPU
		{8121846D-923E-4BB0-8647-30DA753D156E}.Release|x86.ActiveCfg = Release|x86
		{8121846D-923E-4BB0-8647-30DA753D156E}.Release|x86.Build.0 = Release|x86
		{3AB72AF3-F9FF-4E48-B158-B83F915C3DD3}.Debug|Any CPU.ActiveCfg = Debug|Any CPU
		{3AB72AF3-F9FF-4E48-B158-B83F915C3DD3}.Debug|Any CPU.Build.0 = Debug|Any CPU
		{3AB72AF3-F9FF-4E48-B158-B83F915C3DD3}.Debug|Mixed Platforms.ActiveCfg = Debug|x86
		{3AB72AF3-F9FF-4E48-B158-B83F915C3DD3}.Debug|Mixed Platforms.Build.0 = Debug|x86
		{3AB72AF3-F9FF-4E48-B158-B83F915C3DD3}.Debug|x64.ActiveCfg = Debug|Any CPU
		{3AB72AF3-F9FF-4E48-B158-B83F915C3DD3}.Debug|x86.ActiveCfg = Debug|x86
		{3AB72AF3-F9FF-4E48-B158-B83F915C3DD3}.Debug|x86.Build.0 = Debug|x86
		{3AB72AF3-F9FF-4E48-B158-B83F915C3DD3}.Release|Any CPU.ActiveCfg = Release|Any CPU
		{3AB72AF3-F9FF-4E48-B158-B83F915C3DD3}.Release|Any CPU.Build.0 = Release|Any CPU
		{3AB72AF3-F9FF-4E48-B158-B83F915C3DD3}.Release|Mixed Platforms.ActiveCfg = Release|x86
		{3AB72AF3-F9FF-4E48-B158-B83F915C3DD3}.Release|Mixed Platforms.Build.0 = Release|x86
		{3AB72AF3-F9FF-4E48-B158-B83F915C3DD3}.Release|x64.ActiveCfg = Release|Any CPU
		{3AB72AF3-F9FF-4E48-B158-B83F915C3DD3}.Release|x86.ActiveCfg = Release|x86
		{3AB72AF3-F9FF-4E48-B158-B83F915C3DD3}.Release|x86.Build.0 = Release|x86
		{ECDB4BB5-2C7B-4BA7-B5A8-F7EA8DCE1744}.Debug|Any CPU.ActiveCfg = Debug|Any CPU
		{ECDB4BB5-2C7B-4BA7-B5A8-F7EA8DCE1744}.Debug|Any CPU.Build.0 = Debug|Any CPU
		{ECDB4BB5-2C7B-4BA7-B5A8-F7EA8DCE1744}.Debug|Mixed Platforms.ActiveCfg = Debug|Any CPU
		{ECDB4BB5-2C7B-4BA7-B5A8-F7EA8DCE1744}.Debug|Mixed Platforms.Build.0 = Debug|Any CPU
		{ECDB4BB5-2C7B-4BA7-B5A8-F7EA8DCE1744}.Debug|x64.ActiveCfg = Debug|Any CPU
		{ECDB4BB5-2C7B-4BA7-B5A8-F7EA8DCE1744}.Debug|x86.ActiveCfg = Debug|Any CPU
		{ECDB4BB5-2C7B-4BA7-B5A8-F7EA8DCE1744}.Release|Any CPU.ActiveCfg = Release|Any CPU
		{ECDB4BB5-2C7B-4BA7-B5A8-F7EA8DCE1744}.Release|Any CPU.Build.0 = Release|Any CPU
		{ECDB4BB5-2C7B-4BA7-B5A8-F7EA8DCE1744}.Release|Mixed Platforms.ActiveCfg = Release|Any CPU
		{ECDB4BB5-2C7B-4BA7-B5A8-F7EA8DCE1744}.Release|Mixed Platforms.Build.0 = Release|Any CPU
		{ECDB4BB5-2C7B-4BA7-B5A8-F7EA8DCE1744}.Release|x64.ActiveCfg = Release|Any CPU
		{ECDB4BB5-2C7B-4BA7-B5A8-F7EA8DCE1744}.Release|x86.ActiveCfg = Release|Any CPU
		{868FEFE2-F015-423B-BEA5-97D64893C005}.Debug|Any CPU.ActiveCfg = Debug|Any CPU
		{868FEFE2-F015-423B-BEA5-97D64893C005}.Debug|Any CPU.Build.0 = Debug|Any CPU
		{868FEFE2-F015-423B-BEA5-97D64893C005}.Debug|Mixed Platforms.ActiveCfg = Debug|Any CPU
		{868FEFE2-F015-423B-BEA5-97D64893C005}.Debug|Mixed Platforms.Build.0 = Debug|Any CPU
		{868FEFE2-F015-423B-BEA5-97D64893C005}.Debug|x64.ActiveCfg = Debug|Any CPU
		{868FEFE2-F015-423B-BEA5-97D64893C005}.Debug|x86.ActiveCfg = Debug|Any CPU
		{868FEFE2-F015-423B-BEA5-97D64893C005}.Release|Any CPU.ActiveCfg = Release|Any CPU
		{868FEFE2-F015-423B-BEA5-97D64893C005}.Release|Any CPU.Build.0 = Release|Any CPU
		{868FEFE2-F015-423B-BEA5-97D64893C005}.Release|Mixed Platforms.ActiveCfg = Release|Any CPU
		{868FEFE2-F015-423B-BEA5-97D64893C005}.Release|Mixed Platforms.Build.0 = Release|Any CPU
		{868FEFE2-F015-423B-BEA5-97D64893C005}.Release|x64.ActiveCfg = Release|Any CPU
		{868FEFE2-F015-423B-BEA5-97D64893C005}.Release|x86.ActiveCfg = Release|Any CPU
		{AB6C4B78-1AB1-464D-B82B-92E1DD5990D3}.Debug|Any CPU.ActiveCfg = Debug|Any CPU
		{AB6C4B78-1AB1-464D-B82B-92E1DD5990D3}.Debug|Any CPU.Build.0 = Debug|Any CPU
		{AB6C4B78-1AB1-464D-B82B-92E1DD5990D3}.Debug|Mixed Platforms.ActiveCfg = Debug|Any CPU
		{AB6C4B78-1AB1-464D-B82B-92E1DD5990D3}.Debug|Mixed Platforms.Build.0 = Debug|Any CPU
		{AB6C4B78-1AB1-464D-B82B-92E1DD5990D3}.Debug|x64.ActiveCfg = Debug|Any CPU
		{AB6C4B78-1AB1-464D-B82B-92E1DD5990D3}.Debug|x86.ActiveCfg = Debug|Any CPU
		{AB6C4B78-1AB1-464D-B82B-92E1DD5990D3}.Release|Any CPU.ActiveCfg = Release|Any CPU
		{AB6C4B78-1AB1-464D-B82B-92E1DD5990D3}.Release|Any CPU.Build.0 = Release|Any CPU
		{AB6C4B78-1AB1-464D-B82B-92E1DD5990D3}.Release|Mixed Platforms.ActiveCfg = Release|Any CPU
		{AB6C4B78-1AB1-464D-B82B-92E1DD5990D3}.Release|Mixed Platforms.Build.0 = Release|Any CPU
		{AB6C4B78-1AB1-464D-B82B-92E1DD5990D3}.Release|x64.ActiveCfg = Release|Any CPU
		{AB6C4B78-1AB1-464D-B82B-92E1DD5990D3}.Release|x86.ActiveCfg = Release|Any CPU
		{8302CDF3-9B8E-476F-81CA-A865E8B1336A}.Debug|Any CPU.ActiveCfg = Debug|Any CPU
		{8302CDF3-9B8E-476F-81CA-A865E8B1336A}.Debug|Any CPU.Build.0 = Debug|Any CPU
		{8302CDF3-9B8E-476F-81CA-A865E8B1336A}.Debug|Mixed Platforms.ActiveCfg = Debug|Any CPU
		{8302CDF3-9B8E-476F-81CA-A865E8B1336A}.Debug|Mixed Platforms.Build.0 = Debug|Any CPU
		{8302CDF3-9B8E-476F-81CA-A865E8B1336A}.Debug|x64.ActiveCfg = Debug|Any CPU
		{8302CDF3-9B8E-476F-81CA-A865E8B1336A}.Debug|x86.ActiveCfg = Debug|Any CPU
		{8302CDF3-9B8E-476F-81CA-A865E8B1336A}.Release|Any CPU.ActiveCfg = Release|Any CPU
		{8302CDF3-9B8E-476F-81CA-A865E8B1336A}.Release|Any CPU.Build.0 = Release|Any CPU
		{8302CDF3-9B8E-476F-81CA-A865E8B1336A}.Release|Mixed Platforms.ActiveCfg = Release|Any CPU
		{8302CDF3-9B8E-476F-81CA-A865E8B1336A}.Release|Mixed Platforms.Build.0 = Release|Any CPU
		{8302CDF3-9B8E-476F-81CA-A865E8B1336A}.Release|x64.ActiveCfg = Release|Any CPU
		{8302CDF3-9B8E-476F-81CA-A865E8B1336A}.Release|x86.ActiveCfg = Release|Any CPU
		{E1A45C64-6EDA-4DD7-BEAD-E3F998A89E32}.Debug|Any CPU.ActiveCfg = Debug|Any CPU
		{E1A45C64-6EDA-4DD7-BEAD-E3F998A89E32}.Debug|Any CPU.Build.0 = Debug|Any CPU
		{E1A45C64-6EDA-4DD7-BEAD-E3F998A89E32}.Debug|Mixed Platforms.ActiveCfg = Debug|Any CPU
		{E1A45C64-6EDA-4DD7-BEAD-E3F998A89E32}.Debug|Mixed Platforms.Build.0 = Debug|Any CPU
		{E1A45C64-6EDA-4DD7-BEAD-E3F998A89E32}.Debug|x64.ActiveCfg = Debug|Any CPU
		{E1A45C64-6EDA-4DD7-BEAD-E3F998A89E32}.Debug|x86.ActiveCfg = Debug|Any CPU
		{E1A45C64-6EDA-4DD7-BEAD-E3F998A89E32}.Release|Any CPU.ActiveCfg = Release|Any CPU
		{E1A45C64-6EDA-4DD7-BEAD-E3F998A89E32}.Release|Any CPU.Build.0 = Release|Any CPU
		{E1A45C64-6EDA-4DD7-BEAD-E3F998A89E32}.Release|Mixed Platforms.ActiveCfg = Release|Any CPU
		{E1A45C64-6EDA-4DD7-BEAD-E3F998A89E32}.Release|Mixed Platforms.Build.0 = Release|Any CPU
		{E1A45C64-6EDA-4DD7-BEAD-E3F998A89E32}.Release|x64.ActiveCfg = Release|Any CPU
		{E1A45C64-6EDA-4DD7-BEAD-E3F998A89E32}.Release|x86.ActiveCfg = Release|Any CPU
		{BBD51A33-04C7-4D11-9599-F29C05C2026B}.Debug|Any CPU.ActiveCfg = Debug|Any CPU
		{BBD51A33-04C7-4D11-9599-F29C05C2026B}.Debug|Any CPU.Build.0 = Debug|Any CPU
		{BBD51A33-04C7-4D11-9599-F29C05C2026B}.Debug|Mixed Platforms.ActiveCfg = Debug|x64
		{BBD51A33-04C7-4D11-9599-F29C05C2026B}.Debug|Mixed Platforms.Build.0 = Debug|x64
		{BBD51A33-04C7-4D11-9599-F29C05C2026B}.Debug|x64.ActiveCfg = Debug|x64
		{BBD51A33-04C7-4D11-9599-F29C05C2026B}.Debug|x64.Build.0 = Debug|x64
		{BBD51A33-04C7-4D11-9599-F29C05C2026B}.Debug|x86.ActiveCfg = Debug|Any CPU
		{BBD51A33-04C7-4D11-9599-F29C05C2026B}.Release|Any CPU.ActiveCfg = Release|Any CPU
		{BBD51A33-04C7-4D11-9599-F29C05C2026B}.Release|Any CPU.Build.0 = Release|Any CPU
		{BBD51A33-04C7-4D11-9599-F29C05C2026B}.Release|Mixed Platforms.ActiveCfg = Release|Any CPU
		{BBD51A33-04C7-4D11-9599-F29C05C2026B}.Release|Mixed Platforms.Build.0 = Release|Any CPU
		{BBD51A33-04C7-4D11-9599-F29C05C2026B}.Release|x64.ActiveCfg = Release|x64
		{BBD51A33-04C7-4D11-9599-F29C05C2026B}.Release|x64.Build.0 = Release|x64
		{BBD51A33-04C7-4D11-9599-F29C05C2026B}.Release|x86.ActiveCfg = Release|Any CPU
	EndGlobalSection
	GlobalSection(SolutionProperties) = preSolution
		HideSolutionNode = FALSE
	EndGlobalSection
EndGlobal
